# @generated - this file is auto-generated by `mise lock` https://mise.en.dev/dev-tools/mise-lock.html

[[tools."aqua:volta-cli/volta"]]
version = "2.0.2"
backend = "aqua:volta-cli/volta"

[tools."aqua:volta-cli/volta"."platforms.macos-arm64"]
url = "https://github.com/volta-cli/volta/releases/download/v2.0.2/volta-2.0.2-macos.tar.gz"

[[tools.ast-grep]]
version = "0.43.0"
backend = "aqua:ast-grep/ast-grep"

[tools.ast-grep."platforms.macos-arm64"]
checksum = "sha256:8c847d0a29aa4b3101b3361e0b3ee7fb53c7e497adc9ed1afc9615538cd40782"
url = "https://github.com/ast-grep/ast-grep/releases/download/0.43.0/app-aarch64-apple-darwin.zip"

[[tools.aws]]
version = "2.35.2"
backend = "aqua:aws/aws-cli"

[tools.aws."platforms.macos-arm64"]
url = "https://awscli.amazonaws.com/AWSCLIV2-2.35.2.pkg"

[[tools.bun]]
version = "1.3.14"
backend = "core:bun"

[tools.bun."platforms.macos-arm64"]
checksum = "sha256:d8b96221828ad6f97ac7ac0ab7e95872341af763001e8803e8267652c2652620"
url = "https://github.com/oven-sh/bun/releases/download/bun-v1.3.14/bun-darwin-aarch64.zip"

[[tools.direnv]]
version = "2.37.1"
backend = "aqua:direnv/direnv"

[tools.direnv."platforms.macos-arm64"]
checksum = "sha256:4f569f3a36732bfd8b8fea7bfcc6ad87a59745c109022164d0ca4832451d5369"
url = "https://github.com/direnv/direnv/releases/download/v2.37.1/direnv.darwin-arm64"

[[tools.dotenvx]]
version = "1.71.2"
backend = "aqua:dotenvx/dotenvx"

[tools.dotenvx."platforms.macos-arm64"]
checksum = "sha256:e7678cadd15d9fc9dfdf9578b5399c92de10e6760dc5d0f706d113b8197eb5ac"
url = "https://github.com/dotenvx/dotenvx/releases/download/v1.71.2/dotenvx-1.71.2-darwin-arm64.tar.gz"

[[tools.eza]]
version = "0.23.4"
backend = "asdf:eza"

[[tools.fd]]
version = "10.4.2"
backend = "aqua:sharkdp/fd"

[tools.fd."platforms.macos-arm64"]
checksum = "sha256:623dc0afc81b92e4d4606b380d7bc91916ba7b97814263e554d50923a39e480a"
url = "https://github.com/sharkdp/fd/releases/download/v10.4.2/fd-v10.4.2-aarch64-apple-darwin.tar.gz"

[[tools.fzf]]
version = "0.73.1"
backend = "aqua:junegunn/fzf"

[tools.fzf."platforms.macos-arm64"]
checksum = "sha256:d27fd68c04fb9b42f7c73a3f7d38069a74d308e40174f64a072c747213e97286"
url = "https://github.com/junegunn/fzf/releases/download/v0.73.1/fzf-0.73.1-darwin_arm64.tar.gz"

[[tools.gcloud]]
version = "572.0.0"
backend = "asdf:gcloud"

[[tools.gh]]
version = "2.93.0"
backend = "aqua:cli/cli"

[tools.gh."platforms.macos-arm64"]
checksum = "sha256:a86be4e0a86c26456cf71177d6572d6f1165cf1679e532b72f7f15918ee51fd2"
url = "https://github.com/cli/cli/releases/download/v2.93.0/gh_2.93.0_macOS_arm64.zip"
provenance = "github-attestations"

[[tools.ghq]]
version = "1.10.1"
backend = "aqua:x-motemen/ghq"

[tools.ghq."platforms.macos-arm64"]
checksum = "sha256:5e3100de0c5a248eebe6ab176ad94d6e12386af70a58c535368a4301861b1398"
url = "https://github.com/x-motemen/ghq/releases/download/v1.10.1/ghq_darwin_arm64.zip"

[[tools."github:rtk-ai/rtk"]]
version = "0.42.3"
backend = "github:rtk-ai/rtk"

[tools."github:rtk-ai/rtk"."platforms.macos-arm64"]
checksum = "sha256:d47823afb25919e4e60838c5622e88ffa6536bc0b36a34a3f928bdccac40f614"
url = "https://github.com/rtk-ai/rtk/releases/download/v0.42.3/rtk-aarch64-apple-darwin.tar.gz"
url_api = "https://api.github.com/repos/rtk-ai/rtk/releases/assets/439464983"

[[tools."github:sdf-labs/sdf-cli"]]
version = "0.10.8-p"
backend = "github:sdf-labs/sdf-cli"

[tools."github:sdf-labs/sdf-cli"."platforms.macos-arm64"]
checksum = "sha256:2ac99e1fd25e599252453df2b769a97e3fc90a9d7613b14cd1085253f2ad0446"
url = "https://github.com/sdf-labs/sdf-cli/releases/download/v0.10.8-p/sdf-v0.10.8-p-aarch64-apple-darwin.tar.gz"
url_api = "https://api.github.com/repos/sdf-labs/sdf-cli/releases/assets/213805327"

[[tools."github:vercel-labs/agent-browser"]]
version = "0.27.1"
backend = "github:vercel-labs/agent-browser"

[tools."github:vercel-labs/agent-browser"."platforms.macos-arm64"]
checksum = "sha256:5ff18a2f0c7d4c662d638b8ac5ce434b589be5f6bde8b8fe7e25c3658e2bcbf9"
url = "https://github.com/vercel-labs/agent-browser/releases/download/v0.27.1/agent-browser-darwin-arm64"
url_api = "https://api.github.com/repos/vercel-labs/agent-browser/releases/assets/435568390"

[[tools.go]]
version = "1.26.4"
backend = "core:go"

[tools.go."platforms.macos-arm64"]
checksum = "sha256:b62ad2b6d7d2464f12a5bcad7ff47f19d08325773b5efd21610e445a05a9bf53"
url = "https://dl.google.com/go/go1.26.4.darwin-arm64.tar.gz"

[[tools."go:golang.org/x/tools/gopls"]]
version = "0.22.0"
backend = "go:golang.org/x/tools/gopls"

[[tools.jq]]
version = "1.8.1"
backend = "aqua:jqlang/jq"

[tools.jq."platforms.macos-arm64"]
checksum = "sha256:a9fe3ea2f86dfc72f6728417521ec9067b343277152b114f4e98d8cb0e263603"
url = "https://github.com/jqlang/jq/releases/download/jq-1.8.1/jq-macos-arm64"
provenance = "github-attestations"

[[tools.k9s]]
version = "0.51.0"
backend = "aqua:derailed/k9s"

[tools.k9s."platforms.macos-arm64"]
checksum = "sha256:9b8c0e8f461e5d33aeee43a67f5ef4aff646a008a786887b8266cbb153c610cc"
url = "https://github.com/derailed/k9s/releases/download/v0.51.0/k9s_Darwin_arm64.tar.gz"

[[tools.node]]
version = "24.9.0"
backend = "core:node"

[tools.node."platforms.macos-arm64"]
checksum = "sha256:961024296c2a8e60daed0784f8b61e0fab5c51d197502a92eff052c72b53209b"
url = "https://nodejs.org/dist/v24.9.0/node-v24.9.0-darwin-arm64.tar.gz"

[[tools."npm:@antfu/ni"]]
version = "30.1.0"
backend = "npm:@antfu/ni"

[[tools."npm:@openai/codex"]]
version = "0.139.0"
backend = "npm:@openai/codex"

[[tools."npm:@vscode/vsce"]]
version = "3.9.2"
backend = "npm:@vscode/vsce"

[[tools."npm:difit"]]
version = "5.0.2"
backend = "npm:difit"

[[tools.prek]]
version = "0.4.4"
backend = "aqua:j178/prek"

[tools.prek."platforms.macos-arm64"]
checksum = "sha256:d3d74f96bbb9fe88d14bdb3119501f8f39602b885e19f57c6567791599afd231"
url = "https://github.com/j178/prek/releases/download/v0.4.4/prek-aarch64-apple-darwin.tar.gz"
provenance = "github-attestations"

[[tools.python]]
version = "3.12.13"
backend = "core:python"

[tools.python."platforms.macos-arm64"]
checksum = "sha256:f0a7fa7decc75df2b1a789329a44f657c4a15c0a683f197ce46a5cb621bc6ef4"
url = "https://github.com/astral-sh/python-build-standalone/releases/download/20260610/cpython-3.12.13+20260610-aarch64-apple-darwin-install_only_stripped.tar.gz"
provenance = "github-attestations"

[[tools.ruff]]
version = "0.15.16"
backend = "aqua:astral-sh/ruff"

[tools.ruff."platforms.macos-arm64"]
checksum = "sha256:9deb6c4c38c9324bfd98ea4efb40946aae99a987e7f9d1308a1291f14f6b46e2"
url = "https://github.com/astral-sh/ruff/releases/download/0.15.16/ruff-aarch64-apple-darwin.tar.gz"
provenance = "github-attestations"

[[tools.rye]]
version = "0.44.0"
backend = "aqua:astral-sh/rye"

[tools.rye."platforms.macos-arm64"]
checksum = "sha256:af9e5d09fd839d1f6d49df856a2533d9407b3659ac48cdfbca383320ef0c6801"
url = "https://github.com/astral-sh/rye/releases/download/0.44.0/rye-aarch64-macos.gz"

[[tools.task]]
version = "3.51.1"
backend = "aqua:go-task/task"

[tools.task."platforms.macos-arm64"]
checksum = "sha256:a0330f0df20dd1187e323f284a7f365c0ea1f2f271c1e154811e9fc4724bed13"
url = "https://github.com/go-task/task/releases/download/v3.51.1/task_darwin_arm64.tar.gz"

[[tools.terraform]]
version = "1.15.6"
backend = "aqua:hashicorp/terraform"

[tools.terraform."platforms.macos-arm64"]
checksum = "sha256:8d4c6791a744332bc7ca3962c61ab2ed8e5d25a7299f176f5edffb9cb525e85f"
url = "https://releases.hashicorp.com/terraform/1.15.6/terraform_1.15.6_darwin_arm64.zip"

[[tools.typos]]
version = "1.47.2"
backend = "aqua:crate-ci/typos"

[tools.typos."platforms.macos-arm64"]
checksum = "sha256:23ca24a9186b5cb395b5f6c8eea8cdb02911c8980833e016454b56e90c3bd474"
url = "https://github.com/crate-ci/typos/releases/download/v1.47.2/typos-v1.47.2-aarch64-apple-darwin.tar.gz"

[[tools.uv]]
version = "0.11.20"
backend = "aqua:astral-sh/uv"

[tools.uv."platforms.macos-arm64"]
checksum = "sha256:0a2b6a757d5693671a7ce0002554ae869604e1e69acb10313ac14d08374be01a"
url = "https://github.com/astral-sh/uv/releases/download/0.11.20/uv-aarch64-apple-darwin.tar.gz"
provenance = "github-attestations"

[[tools.yq]]
version = "4.53.3"
backend = "aqua:mikefarah/yq"

[tools.yq."platforms.macos-arm64"]
checksum = "sha256:877de31753a4dd2401aa048937aa9a7fc4d5f6ce858cf31508c5802954297213"
url = "https://github.com/mikefarah/yq/releases/download/v4.53.3/yq_darwin_arm64"
