# @generated - this file is auto-generated by `mise lock` https://mise.en.dev/dev-tools/mise-lock.html

[[tools.age]]
version = "1.3.1"
backend = "aqua:FiloSottile/age"

[tools.age."platforms.linux-x64"]
checksum = "sha256:bdc69c09cbdd6cf8b1f333d372a1f58247b3a33146406333e30c0f26e8f51377"
url = "https://github.com/FiloSottile/age/releases/download/v1.3.1/age-v1.3.1-linux-amd64.tar.gz"
provenance = "github-attestations"

[tools.age."platforms.macos-arm64"]
checksum = "sha256:01120ea2cbf0463d4c6bd767f99f3271bbed1cdc8a9aa718a76ba1fe4f01998b"
url = "https://github.com/FiloSottile/age/releases/download/v1.3.1/age-v1.3.1-darwin-arm64.tar.gz"
provenance = "github-attestations"

[[tools."aqua:volta-cli/volta"]]
version = "2.0.2"
backend = "aqua:volta-cli/volta"

[tools."aqua:volta-cli/volta"."platforms.macos-arm64"]
url = "https://github.com/volta-cli/volta/releases/download/v2.0.2/volta-2.0.2-macos.tar.gz"

[[tools.ast-grep]]
version = "0.43.0"
backend = "aqua:ast-grep/ast-grep"

[tools.ast-grep."platforms.macos-arm64"]
checksum = "sha256:8c847d0a29aa4b3101b3361e0b3ee7fb53c7e497adc9ed1afc9615538cd40782"
url = "https://github.com/ast-grep/ast-grep/releases/download/0.43.0/app-aarch64-apple-darwin.zip"

[[tools.aws]]
version = "2.35.9"
backend = "aqua:aws/aws-cli"

[tools.aws."platforms.linux-x64"]
url = "https://awscli.amazonaws.com/awscli-exe-linux-x86_64-2.35.9.zip"

[tools.aws."platforms.macos-arm64"]
url = "https://awscli.amazonaws.com/AWSCLIV2-2.35.9.pkg"

[[tools.bun]]
version = "1.3.14"
backend = "core:bun"

[tools.bun."platforms.macos-arm64"]
checksum = "sha256:d8b96221828ad6f97ac7ac0ab7e95872341af763001e8803e8267652c2652620"
url = "https://github.com/oven-sh/bun/releases/download/bun-v1.3.14/bun-darwin-aarch64.zip"

[[tools.direnv]]
version = "2.37.1"
backend = "aqua:direnv/direnv"

[tools.direnv."platforms.macos-arm64"]
checksum = "sha256:4f569f3a36732bfd8b8fea7bfcc6ad87a59745c109022164d0ca4832451d5369"
url = "https://github.com/direnv/direnv/releases/download/v2.37.1/direnv.darwin-arm64"

[[tools.dotenvx]]
version = "1.73.1"
backend = "aqua:dotenvx/dotenvx"

[tools.dotenvx."platforms.linux-x64"]
checksum = "sha256:4d29c34a4aaed8cec28954df91c3f8ab11c5bd0a3018a33b0683bbee6c0f8410"
url = "https://github.com/dotenvx/dotenvx/releases/download/v1.73.1/dotenvx-1.73.1-linux-amd64.tar.gz"

[tools.dotenvx."platforms.macos-arm64"]
checksum = "sha256:ac95697c82b6a9e919f9790b49318036c3e3b9cd1cf062ffed42c0a779585252"
url = "https://github.com/dotenvx/dotenvx/releases/download/v1.73.1/dotenvx-1.73.1-darwin-arm64.tar.gz"

[[tools.eza]]
version = "0.23.4"
backend = "asdf:eza"

[[tools.fd]]
version = "10.4.2"
backend = "aqua:sharkdp/fd"

[tools.fd."platforms.macos-arm64"]
checksum = "sha256:623dc0afc81b92e4d4606b380d7bc91916ba7b97814263e554d50923a39e480a"
url = "https://github.com/sharkdp/fd/releases/download/v10.4.2/fd-v10.4.2-aarch64-apple-darwin.tar.gz"

[[tools.fzf]]
version = "0.73.1"
backend = "aqua:junegunn/fzf"

[tools.fzf."platforms.macos-arm64"]
checksum = "sha256:d27fd68c04fb9b42f7c73a3f7d38069a74d308e40174f64a072c747213e97286"
url = "https://github.com/junegunn/fzf/releases/download/v0.73.1/fzf-0.73.1-darwin_arm64.tar.gz"

[[tools.gcloud]]
version = "573.0.0"
backend = "asdf:gcloud"

[[tools.gh]]
version = "2.95.0"
backend = "aqua:cli/cli"

[tools.gh."platforms.linux-x64"]
checksum = "sha256:25d1e4729e8808c9ed3d613e96ebd3f3e44446f2d368c89d878a71a36ddb3d8c"
url = "https://github.com/cli/cli/releases/download/v2.95.0/gh_2.95.0_linux_amd64.tar.gz"
provenance = "github-attestations"

[tools.gh."platforms.macos-arm64"]
checksum = "sha256:3677f9c27965825f9c7d50395473c134edaea4b484373ef6b25de653570a0489"
url = "https://github.com/cli/cli/releases/download/v2.95.0/gh_2.95.0_macOS_arm64.zip"
provenance = "github-attestations"

[[tools.ghq]]
version = "1.10.1"
backend = "aqua:x-motemen/ghq"

[tools.ghq."platforms.macos-arm64"]
checksum = "sha256:5e3100de0c5a248eebe6ab176ad94d6e12386af70a58c535368a4301861b1398"
url = "https://github.com/x-motemen/ghq/releases/download/v1.10.1/ghq_darwin_arm64.zip"

[[tools."github:anomalyco/opencode"]]
version = "1.17.7"
backend = "github:anomalyco/opencode"

[tools."github:anomalyco/opencode"."platforms.macos-arm64"]
checksum = "sha256:7a63aeb5a15b29da2681ac2b8c74d4cb3a64fa13b61198a3c7dc771243c23972"
url = "https://github.com/anomalyco/opencode/releases/download/v1.17.7/opencode-darwin-arm64.zip"
url_api = "https://api.github.com/repos/anomalyco/opencode/releases/assets/447476261"
provenance = "github-attestations"

[[tools."github:rtk-ai/rtk"]]
version = "0.42.4"
backend = "github:rtk-ai/rtk"

[tools."github:rtk-ai/rtk"."platforms.linux-x64"]
checksum = "sha256:34975116da11e09e502501daf758143e0b22ed3a42a10eb67fb693a6270d9e36"
url = "https://github.com/rtk-ai/rtk/releases/download/v0.42.4/rtk-x86_64-unknown-linux-musl.tar.gz"
url_api = "https://api.github.com/repos/rtk-ai/rtk/releases/assets/445871732"

[tools."github:rtk-ai/rtk"."platforms.macos-arm64"]
checksum = "sha256:f223ca074a0215af002679bc1d34ca92b93e25b3e8ae16aace6e84c06e586802"
url = "https://github.com/rtk-ai/rtk/releases/download/v0.42.4/rtk-aarch64-apple-darwin.tar.gz"
url_api = "https://api.github.com/repos/rtk-ai/rtk/releases/assets/445871734"

[[tools."github:sdf-labs/sdf-cli"]]
version = "0.10.8-p"
backend = "github:sdf-labs/sdf-cli"

[tools."github:sdf-labs/sdf-cli".options]
matching = "sdf-*.tar.gz"

[[tools."github:vercel-labs/agent-browser"]]
version = "0.28.0"
backend = "github:vercel-labs/agent-browser"

[tools."github:vercel-labs/agent-browser"."platforms.linux-x64"]
checksum = "sha256:c0bef69599d6ed123bf147bd6747755978330948d2ef5eaae492ef171b659556"
url = "https://github.com/vercel-labs/agent-browser/releases/download/v0.28.0/agent-browser-linux-x64"
url_api = "https://api.github.com/repos/vercel-labs/agent-browser/releases/assets/449468719"

[tools."github:vercel-labs/agent-browser"."platforms.macos-arm64"]
checksum = "sha256:bc2b3faec46e7ec33c02009d322f58036eaa09aba392e143139d3d16aae02492"
url = "https://github.com/vercel-labs/agent-browser/releases/download/v0.28.0/agent-browser-darwin-arm64"
url_api = "https://api.github.com/repos/vercel-labs/agent-browser/releases/assets/449468695"

[[tools.go]]
version = "1.26.4"
backend = "core:go"

[tools.go."platforms.macos-arm64"]
checksum = "sha256:b62ad2b6d7d2464f12a5bcad7ff47f19d08325773b5efd21610e445a05a9bf53"
url = "https://dl.google.com/go/go1.26.4.darwin-arm64.tar.gz"

[[tools."go:golang.org/x/tools/gopls"]]
version = "0.22.0"
backend = "go:golang.org/x/tools/gopls"

[[tools.jq]]
version = "1.8.1"
backend = "aqua:jqlang/jq"

[tools.jq."platforms.macos-arm64"]
checksum = "sha256:a9fe3ea2f86dfc72f6728417521ec9067b343277152b114f4e98d8cb0e263603"
url = "https://github.com/jqlang/jq/releases/download/jq-1.8.1/jq-macos-arm64"
provenance = "github-attestations"

[[tools.k9s]]
version = "0.51.0"
backend = "aqua:derailed/k9s"

[tools.k9s."platforms.macos-arm64"]
checksum = "sha256:9b8c0e8f461e5d33aeee43a67f5ef4aff646a008a786887b8266cbb153c610cc"
url = "https://github.com/derailed/k9s/releases/download/v0.51.0/k9s_Darwin_arm64.tar.gz"

[[tools.node]]
version = "24.9.0"
backend = "core:node"

[tools.node."platforms.macos-arm64"]
checksum = "sha256:961024296c2a8e60daed0784f8b61e0fab5c51d197502a92eff052c72b53209b"
url = "https://nodejs.org/dist/v24.9.0/node-v24.9.0-darwin-arm64.tar.gz"

[[tools."npm:@antfu/ni"]]
version = "30.1.0"
backend = "npm:@antfu/ni"

[[tools."npm:@openai/codex"]]
version = "0.142.5"
backend = "npm:@openai/codex"

[[tools."npm:@vscode/vsce"]]
version = "3.9.2"
backend = "npm:@vscode/vsce"

[[tools."npm:difit"]]
version = "5.0.2"
backend = "npm:difit"

[[tools.prek]]
version = "0.4.5"
backend = "aqua:j178/prek"

[tools.prek."platforms.linux-x64"]
checksum = "sha256:94698d1cd74e7b462a017257efeab6f46142f4fb3da9a1314f06c1d55c26d614"
url = "https://github.com/j178/prek/releases/download/v0.4.5/prek-x86_64-unknown-linux-musl.tar.gz"
provenance = "github-attestations"

[tools.prek."platforms.macos-arm64"]
checksum = "sha256:ed4920762f0e3db07163c437af622a1d4905e1ad7053692a495551b9ce92549f"
url = "https://github.com/j178/prek/releases/download/v0.4.5/prek-aarch64-apple-darwin.tar.gz"
provenance = "github-attestations"

[[tools.python]]
version = "3.12.13"
backend = "core:python"

[tools.python."platforms.macos-arm64"]
checksum = "sha256:f0a7fa7decc75df2b1a789329a44f657c4a15c0a683f197ce46a5cb621bc6ef4"
url = "https://github.com/astral-sh/python-build-standalone/releases/download/20260610/cpython-3.12.13+20260610-aarch64-apple-darwin-install_only_stripped.tar.gz"
provenance = "github-attestations"

[[tools.ruff]]
version = "0.15.18"
backend = "aqua:astral-sh/ruff"

[tools.ruff."platforms.linux-x64"]
checksum = "sha256:9ca54aec52cfdbe1e708cc975e41e3e736a2c1ebe76668575efe09e0701465c8"
url = "https://github.com/astral-sh/ruff/releases/download/0.15.18/ruff-x86_64-unknown-linux-musl.tar.gz"
provenance = "github-attestations"

[tools.ruff."platforms.macos-arm64"]
checksum = "sha256:f0cc66c2df37f2a11c99a85b59b8fde21b37f61df062404a0afaed387b56dad0"
url = "https://github.com/astral-sh/ruff/releases/download/0.15.18/ruff-aarch64-apple-darwin.tar.gz"
provenance = "github-attestations"

[[tools.rye]]
version = "0.44.0"
backend = "aqua:astral-sh/rye"

[tools.rye."platforms.macos-arm64"]
checksum = "sha256:af9e5d09fd839d1f6d49df856a2533d9407b3659ac48cdfbca383320ef0c6801"
url = "https://github.com/astral-sh/rye/releases/download/0.44.0/rye-aarch64-macos.gz"

[[tools.task]]
version = "3.51.1"
backend = "aqua:go-task/task"

[tools.task."platforms.macos-arm64"]
checksum = "sha256:a0330f0df20dd1187e323f284a7f365c0ea1f2f271c1e154811e9fc4724bed13"
url = "https://github.com/go-task/task/releases/download/v3.51.1/task_darwin_arm64.tar.gz"

[[tools.terraform]]
version = "1.15.6"
backend = "aqua:hashicorp/terraform"

[tools.terraform."platforms.macos-arm64"]
checksum = "sha256:8d4c6791a744332bc7ca3962c61ab2ed8e5d25a7299f176f5edffb9cb525e85f"
url = "https://releases.hashicorp.com/terraform/1.15.6/terraform_1.15.6_darwin_arm64.zip"

[[tools.typos]]
version = "1.47.2"
backend = "aqua:crate-ci/typos"

[tools.typos."platforms.macos-arm64"]
checksum = "sha256:23ca24a9186b5cb395b5f6c8eea8cdb02911c8980833e016454b56e90c3bd474"
url = "https://github.com/crate-ci/typos/releases/download/v1.47.2/typos-v1.47.2-aarch64-apple-darwin.tar.gz"

[[tools.uv]]
version = "0.11.22"
backend = "aqua:astral-sh/uv"

[tools.uv."platforms.linux-x64"]
checksum = "sha256:b80bd6952ee11b920b5ab2a35dbccddc364f579e5f2e028d115848cdaa72963e"
url = "https://github.com/astral-sh/uv/releases/download/0.11.22/uv-x86_64-unknown-linux-musl.tar.gz"
provenance = "github-attestations"

[tools.uv."platforms.macos-arm64"]
checksum = "sha256:97a45e2ff8d5ea262623eed57ec2d9c468a42d74496d5c3c3eef11340235bd7f"
url = "https://github.com/astral-sh/uv/releases/download/0.11.22/uv-aarch64-apple-darwin.tar.gz"
provenance = "github-attestations"

[[tools.yq]]
version = "4.53.3"
backend = "aqua:mikefarah/yq"

[tools.yq."platforms.macos-arm64"]
checksum = "sha256:877de31753a4dd2401aa048937aa9a7fc4d5f6ce858cf31508c5802954297213"
url = "https://github.com/mikefarah/yq/releases/download/v4.53.3/yq_darwin_arm64"
