# @generated - this file is auto-generated by `mise lock` https://mise.en.dev/dev-tools/mise-lock.html

[[tools.age]]
version = "1.3.1"
backend = "aqua:FiloSottile/age"

[tools.age."platforms.linux-x64"]
checksum = "sha256:bdc69c09cbdd6cf8b1f333d372a1f58247b3a33146406333e30c0f26e8f51377"
url = "https://github.com/FiloSottile/age/releases/download/v1.3.1/age-v1.3.1-linux-amd64.tar.gz"
provenance = "github-attestations"

[tools.age."platforms.macos-arm64"]
checksum = "sha256:01120ea2cbf0463d4c6bd767f99f3271bbed1cdc8a9aa718a76ba1fe4f01998b"
url = "https://github.com/FiloSottile/age/releases/download/v1.3.1/age-v1.3.1-darwin-arm64.tar.gz"
provenance = "github-attestations"

[[tools."aqua:volta-cli/volta"]]
version = "2.0.2"
backend = "aqua:volta-cli/volta"

[tools."aqua:volta-cli/volta"."platforms.macos-arm64"]
url = "https://github.com/volta-cli/volta/releases/download/v2.0.2/volta-2.0.2-macos.tar.gz"

[[tools.ast-grep]]
version = "0.44.1"
backend = "aqua:ast-grep/ast-grep"

[tools.ast-grep."platforms.linux-x64"]
checksum = "sha256:611f9e5e76f2611ecea1a35dd3468ceedf600641a11224b80341d79c6ee7b9dd"
url = "https://github.com/ast-grep/ast-grep/releases/download/0.44.1/app-x86_64-unknown-linux-gnu.zip"
url_api = "https://api.github.com/repos/ast-grep/ast-grep/releases/assets/466366790"

[tools.ast-grep."platforms.macos-arm64"]
checksum = "sha256:0a2fef273b0ff1238b8307add911714f92021d25b919fa3ec9b6b2e046bb29cf"
url = "https://github.com/ast-grep/ast-grep/releases/download/0.44.1/app-aarch64-apple-darwin.zip"
url_api = "https://api.github.com/repos/ast-grep/ast-grep/releases/assets/466368358"

[[tools.aws]]
version = "2.35.16"
backend = "aqua:aws/aws-cli"

[tools.aws."platforms.linux-x64"]
url = "https://awscli.amazonaws.com/awscli-exe-linux-x86_64-2.35.16.zip"

[tools.aws."platforms.macos-arm64"]
checksum = "blake3:3fd8155d94914db1e7c3f68f58ab914dc6be5062a370d668689c90fe4692ece6"
url = "https://awscli.amazonaws.com/AWSCLIV2-2.35.16.pkg"

[[tools.bun]]
version = "1.3.14"
backend = "core:bun"

[tools.bun."platforms.macos-arm64"]
checksum = "sha256:d8b96221828ad6f97ac7ac0ab7e95872341af763001e8803e8267652c2652620"
url = "https://github.com/oven-sh/bun/releases/download/bun-v1.3.14/bun-darwin-aarch64.zip"

[[tools.direnv]]
version = "2.37.1"
backend = "aqua:direnv/direnv"

[tools.direnv."platforms.macos-arm64"]
checksum = "sha256:4f569f3a36732bfd8b8fea7bfcc6ad87a59745c109022164d0ca4832451d5369"
url = "https://github.com/direnv/direnv/releases/download/v2.37.1/direnv.darwin-arm64"

[[tools.dotenvx]]
version = "2.1.4"
backend = "aqua:dotenvx/dotenvx"

[tools.dotenvx."platforms.linux-x64"]
checksum = "sha256:cced58e6a4a734a04f47c8094eb190e86aae2283837e40f47729a1e02c9c967d"
url = "https://github.com/dotenvx/dotenvx/releases/download/v2.1.4/dotenvx-2.1.4-linux-amd64.tar.gz"
url_api = "https://api.github.com/repos/dotenvx/dotenvx/releases/assets/464825332"

[tools.dotenvx."platforms.macos-arm64"]
checksum = "sha256:c61a48bd6fe3e131c5f71bada656487505bc48ed88fd1ea9d7ef87bbcbfe045a"
url = "https://github.com/dotenvx/dotenvx/releases/download/v2.1.4/dotenvx-2.1.4-darwin-arm64.tar.gz"
url_api = "https://api.github.com/repos/dotenvx/dotenvx/releases/assets/464825320"

[[tools.eza]]
version = "0.23.4"
backend = "asdf:eza"

[[tools.fd]]
version = "10.4.2"
backend = "aqua:sharkdp/fd"

[tools.fd."platforms.macos-arm64"]
checksum = "sha256:623dc0afc81b92e4d4606b380d7bc91916ba7b97814263e554d50923a39e480a"
url = "https://github.com/sharkdp/fd/releases/download/v10.4.2/fd-v10.4.2-aarch64-apple-darwin.tar.gz"

[[tools.fzf]]
version = "0.73.1"
backend = "aqua:junegunn/fzf"

[tools.fzf."platforms.macos-arm64"]
checksum = "sha256:d27fd68c04fb9b42f7c73a3f7d38069a74d308e40174f64a072c747213e97286"
url = "https://github.com/junegunn/fzf/releases/download/v0.73.1/fzf-0.73.1-darwin_arm64.tar.gz"

[[tools.gcloud]]
version = "575.0.0"
backend = "asdf:gcloud"

[[tools.gh]]
version = "2.96.0"
backend = "aqua:cli/cli"

[tools.gh."platforms.linux-x64"]
checksum = "sha256:83d5c2ccad5498f58bf6368acb1ab32588cf43ab3a4b1c301bf36328b1c8bd60"
url = "https://github.com/cli/cli/releases/download/v2.96.0/gh_2.96.0_linux_amd64.tar.gz"
url_api = "https://api.github.com/repos/cli/cli/releases/assets/464728543"
provenance = "github-attestations"

[tools.gh."platforms.macos-arm64"]
checksum = "sha256:f23a0c37d963aacc3bed703ccbd59b41c5ca22101fab7f00eb2b7cad23aba463"
url = "https://github.com/cli/cli/releases/download/v2.96.0/gh_2.96.0_macOS_arm64.zip"
url_api = "https://api.github.com/repos/cli/cli/releases/assets/464728562"
provenance = "github-attestations"

[[tools.ghq]]
version = "1.10.1"
backend = "aqua:x-motemen/ghq"

[tools.ghq."platforms.macos-arm64"]
checksum = "sha256:5e3100de0c5a248eebe6ab176ad94d6e12386af70a58c535368a4301861b1398"
url = "https://github.com/x-motemen/ghq/releases/download/v1.10.1/ghq_darwin_arm64.zip"

[[tools."github:anomalyco/opencode"]]
version = "1.17.7"
backend = "github:anomalyco/opencode"

[tools."github:anomalyco/opencode"."platforms.macos-arm64"]
checksum = "sha256:7a63aeb5a15b29da2681ac2b8c74d4cb3a64fa13b61198a3c7dc771243c23972"
url = "https://github.com/anomalyco/opencode/releases/download/v1.17.7/opencode-darwin-arm64.zip"
url_api = "https://api.github.com/repos/anomalyco/opencode/releases/assets/447476261"
provenance = "github-attestations"

[[tools."github:rtk-ai/rtk"]]
version = "0.43.0"
backend = "github:rtk-ai/rtk"

[tools."github:rtk-ai/rtk"."platforms.linux-x64"]
checksum = "sha256:ff8a1e7766496e175291a85aeca1dc97c9ff6df33e51e5893d1fbc78fea2a609"
url = "https://github.com/rtk-ai/rtk/releases/download/v0.43.0/rtk-x86_64-unknown-linux-musl.tar.gz"
url_api = "https://api.github.com/repos/rtk-ai/rtk/releases/assets/460115882"

[tools."github:rtk-ai/rtk"."platforms.macos-arm64"]
checksum = "sha256:8a17e49acbd378997eb21d0eb6f7f861111f35b4fc9b1c74edf4c7448e576c65"
url = "https://github.com/rtk-ai/rtk/releases/download/v0.43.0/rtk-aarch64-apple-darwin.tar.gz"
url_api = "https://api.github.com/repos/rtk-ai/rtk/releases/assets/460115888"

[[tools."github:sdf-labs/sdf-cli"]]
version = "0.10.8-p"
backend = "github:sdf-labs/sdf-cli"

[tools."github:sdf-labs/sdf-cli".options]
matching = "sdf-*.tar.gz"

[[tools."github:vercel-labs/agent-browser"]]
version = "0.31.1"
backend = "github:vercel-labs/agent-browser"

[tools."github:vercel-labs/agent-browser"."platforms.linux-x64"]
checksum = "sha256:72c13bcfd2fd6b188325bdd23c646d06ca69a1a964a9cdaab37e4ff8f47aa5c6"
url = "https://github.com/vercel-labs/agent-browser/releases/download/v0.31.1/agent-browser-linux-x64"
url_api = "https://api.github.com/repos/vercel-labs/agent-browser/releases/assets/458830082"

[tools."github:vercel-labs/agent-browser"."platforms.macos-arm64"]
checksum = "sha256:fd7acd17b3071ff7f75a03c1ecd30501959d9c2d063bdaa05adb6f77abf2a7bf"
url = "https://github.com/vercel-labs/agent-browser/releases/download/v0.31.1/agent-browser-darwin-arm64"
url_api = "https://api.github.com/repos/vercel-labs/agent-browser/releases/assets/458830055"

[[tools.go]]
version = "1.26.4"
backend = "core:go"

[tools.go."platforms.macos-arm64"]
checksum = "sha256:b62ad2b6d7d2464f12a5bcad7ff47f19d08325773b5efd21610e445a05a9bf53"
url = "https://dl.google.com/go/go1.26.4.darwin-arm64.tar.gz"

[[tools."go:golang.org/x/tools/gopls"]]
version = "0.22.0"
backend = "go:golang.org/x/tools/gopls"

[[tools.jq]]
version = "1.8.2"
backend = "aqua:jqlang/jq"

[tools.jq."platforms.linux-x64"]
checksum = "sha256:b1c22172dd303f3be49e935aa56aa48a8b7a46e0bc838b4997d3bb451495870f"
url = "https://github.com/jqlang/jq/releases/download/jq-1.8.2/jq-linux-amd64"
url_api = "https://api.github.com/repos/jqlang/jq/releases/assets/453012752"
provenance = "github-attestations"

[tools.jq."platforms.macos-arm64"]
checksum = "sha256:2d75340ba57a4b4b4c8708a21c2dc8e958a48aaa8bba13b27f77f6e4c0eca07e"
url = "https://github.com/jqlang/jq/releases/download/jq-1.8.2/jq-macos-arm64"
url_api = "https://api.github.com/repos/jqlang/jq/releases/assets/453012783"
provenance = "github-attestations"

[[tools.k9s]]
version = "0.51.0"
backend = "aqua:derailed/k9s"

[tools.k9s."platforms.macos-arm64"]
checksum = "sha256:9b8c0e8f461e5d33aeee43a67f5ef4aff646a008a786887b8266cbb153c610cc"
url = "https://github.com/derailed/k9s/releases/download/v0.51.0/k9s_Darwin_arm64.tar.gz"

[[tools.node]]
version = "24.9.0"
backend = "core:node"

[tools.node."platforms.macos-arm64"]
checksum = "sha256:961024296c2a8e60daed0784f8b61e0fab5c51d197502a92eff052c72b53209b"
url = "https://nodejs.org/dist/v24.9.0/node-v24.9.0-darwin-arm64.tar.gz"

[[tools."npm:@antfu/ni"]]
version = "30.2.0"
backend = "npm:@antfu/ni"

[[tools."npm:@openai/codex"]]
version = "0.142.5"
backend = "npm:@openai/codex"

[[tools."npm:@vscode/vsce"]]
version = "3.9.2"
backend = "npm:@vscode/vsce"

[[tools."npm:difit"]]
version = "5.0.6"
backend = "npm:difit"

[[tools.prek]]
version = "0.4.8"
backend = "aqua:j178/prek"

[tools.prek."platforms.linux-x64"]
checksum = "sha256:21df9ac0c3d3c047e424be612cc55f5b243546f9ef5cde12ed134752312bdf7b"
url = "https://github.com/j178/prek/releases/download/v0.4.8/prek-x86_64-unknown-linux-musl.tar.gz"
url_api = "https://api.github.com/repos/j178/prek/releases/assets/466303341"
provenance = "github-attestations"

[tools.prek."platforms.macos-arm64"]
checksum = "sha256:f0084a9b5ce467c00306b2b329cc929744e2723ed1e7c369929a60ab10196fcc"
url = "https://github.com/j178/prek/releases/download/v0.4.8/prek-aarch64-apple-darwin.tar.gz"
url_api = "https://api.github.com/repos/j178/prek/releases/assets/466303279"
provenance = "github-attestations"

[[tools.python]]
version = "3.12.13"
backend = "core:python"

[tools.python."platforms.macos-arm64"]
checksum = "sha256:f0a7fa7decc75df2b1a789329a44f657c4a15c0a683f197ce46a5cb621bc6ef4"
url = "https://github.com/astral-sh/python-build-standalone/releases/download/20260610/cpython-3.12.13+20260610-aarch64-apple-darwin-install_only_stripped.tar.gz"
provenance = "github-attestations"

[[tools.ripgrep]]
version = "15.1.0"
backend = "aqua:BurntSushi/ripgrep"

[[tools.ruff]]
version = "0.15.20"
backend = "aqua:astral-sh/ruff"

[tools.ruff."platforms.linux-x64"]
checksum = "sha256:0715560b2402024b529a4ffd6ea7d3814a090eb255a6216259fb192823be3ad8"
url = "https://github.com/astral-sh/ruff/releases/download/0.15.20/ruff-x86_64-unknown-linux-musl.tar.gz"
url_api = "https://api.github.com/repos/astral-sh/ruff/releases/assets/457843135"
provenance = "github-attestations"

[tools.ruff."platforms.macos-arm64"]
checksum = "sha256:cb41c48690c113dc08470e64103ce65ca15249c6ce3495d3ac792b329a83e8c1"
url = "https://github.com/astral-sh/ruff/releases/download/0.15.20/ruff-aarch64-apple-darwin.tar.gz"
url_api = "https://api.github.com/repos/astral-sh/ruff/releases/assets/457843056"
provenance = "github-attestations"

[[tools.rye]]
version = "0.44.0"
backend = "aqua:astral-sh/rye"

[tools.rye."platforms.macos-arm64"]
checksum = "sha256:af9e5d09fd839d1f6d49df856a2533d9407b3659ac48cdfbca383320ef0c6801"
url = "https://github.com/astral-sh/rye/releases/download/0.44.0/rye-aarch64-macos.gz"

[[tools.task]]
version = "3.52.0"
backend = "aqua:go-task/task"

[tools.task."platforms.linux-x64"]
checksum = "sha256:02c679ffae53dca791804847d78b31731615894e292948397c971c87ac9e95bd"
url = "https://github.com/go-task/task/releases/download/v3.52.0/task_linux_amd64.tar.gz"
url_api = "https://api.github.com/repos/go-task/task/releases/assets/464613330"

[tools.task."platforms.macos-arm64"]
checksum = "sha256:debfa9a3bc06fcb5d5550b44725ecd22bb305499ce057bd6d7a774db5cdaa7b8"
url = "https://github.com/go-task/task/releases/download/v3.52.0/task_darwin_arm64.tar.gz"
url_api = "https://api.github.com/repos/go-task/task/releases/assets/464613319"

[[tools.terraform]]
version = "1.15.7"
backend = "aqua:hashicorp/terraform"

[tools.terraform."platforms.linux-x64"]
checksum = "sha256:73bbb8f5188ad75d4fb853fd100ae4d7e146ef7af7db18776109642fdb7759d2"
url = "https://releases.hashicorp.com/terraform/1.15.7/terraform_1.15.7_linux_amd64.zip"

[tools.terraform."platforms.macos-arm64"]
checksum = "sha256:711791bf41365137a9a4adbf3e4c4a18dd7389d45c6a3039e3c6946bc750080e"
url = "https://releases.hashicorp.com/terraform/1.15.7/terraform_1.15.7_darwin_arm64.zip"

[[tools.typos]]
version = "1.48.0"
backend = "aqua:crate-ci/typos"

[tools.typos."platforms.linux-x64"]
checksum = "sha256:72a930c9a94fc3914aa56835c5b859c892a797d40c1c42638b98d93f16ff519c"
url = "https://github.com/crate-ci/typos/releases/download/v1.48.0/typos-v1.48.0-x86_64-unknown-linux-musl.tar.gz"
url_api = "https://api.github.com/repos/crate-ci/typos/releases/assets/462429902"

[tools.typos."platforms.macos-arm64"]
checksum = "sha256:7dcaf386ec255995dcbaf629641f961574b7e8785203921115eab75cbf1ca107"
url = "https://github.com/crate-ci/typos/releases/download/v1.48.0/typos-v1.48.0-aarch64-apple-darwin.tar.gz"
url_api = "https://api.github.com/repos/crate-ci/typos/releases/assets/462430254"

[[tools.uv]]
version = "0.11.26"
backend = "aqua:astral-sh/uv"

[tools.uv."platforms.linux-x64"]
checksum = "sha256:62bf1a53501adf4083224b69b33737450ac516935f5a5e483e9dfaf2665084de"
url = "https://github.com/astral-sh/uv/releases/download/0.11.26/uv-x86_64-unknown-linux-musl.tar.gz"
url_api = "https://api.github.com/repos/astral-sh/uv/releases/assets/462248297"
provenance = "github-attestations"

[tools.uv."platforms.macos-arm64"]
checksum = "sha256:8f7fbf1708399b921857bce71e1d60f0d3ccf52a30caebc1c1a2f175dce13ab6"
url = "https://github.com/astral-sh/uv/releases/download/0.11.26/uv-aarch64-apple-darwin.tar.gz"
url_api = "https://api.github.com/repos/astral-sh/uv/releases/assets/462248188"
provenance = "github-attestations"

[[tools.yq]]
version = "4.53.3"
backend = "aqua:mikefarah/yq"

[tools.yq."platforms.macos-arm64"]
checksum = "sha256:877de31753a4dd2401aa048937aa9a7fc4d5f6ce858cf31508c5802954297213"
url = "https://github.com/mikefarah/yq/releases/download/v4.53.3/yq_darwin_arm64"
